
Microsoft Visual Studio Solution File, Format Version 12.00
# Visual Studio 15
VisualStudioVersion = 15.0.26730.12
MinimumVisualStudioVersion = 10.0.40219.1
Project("{FAE04EC0-301F-11D3-BF4B-00C04F79EFBC}") = "WeatherApp", "WeatherApp\WeatherApp.csproj", "{5311057C-67A0-4CB5-9127-A305511DABDE}"
EndProject
Global
	GlobalSection(SolutionConfigurationPlatforms) = preSolution
		Debug|Any CPU = Debug|Any CPU
		Release|Any CPU = Release|Any CPU
	EndGlobalSection
	GlobalSection(ProjectConfigurationPlatforms) = postSolution
		{5311057C-67A0-4CB5-9127-A305511DABDE}.Debug|Any CPU.ActiveCfg = Debug|Any CPU
		{5311057C-67A0-4CB5-9127-A305511DABDE}.Debug|Any CPU.Build.0 = Debug|Any CPU
		{5311057C-67A0-4CB5-9127-A305511DABDE}.Release|Any CPU.ActiveCfg = Release|Any CPU
		{5311057C-67A0-4CB5-9127-A305511DABDE}.Release|Any CPU.Build.0 = Release|Any CPU
	EndGlobalSection
	GlobalSection(SolutionProperties) = preSolution
		HideSolutionNode = FALSE
	EndGlobalSection
	GlobalSection(ExtensibilityGlobals) = postSolution
		SolutionGuid = {2C382C0E-D726-4C47-BCC5-04E104C50667}
	EndGlobalSection
EndGlobal
